
Microsoft Visual Studio Solution File, Format Version 12.00
# Visual Studio 15
Project("{FAE04EC0-301F-11D3-BF4B-00C04F79EFBC}") = "Assembly-CSharp", "Assembly-CSharp.csproj", "{B16E2538-25BF-3A45-FA73-51C8B28C7BAB}"
EndProject
Global
	GlobalSection(SolutionConfigurationPlatforms) = preSolution
		Debug|Any CPU = Debug|Any CPU
		Release|Any CPU = Release|Any CPU
	EndGlobalSection
	GlobalSection(ProjectConfigurationPlatforms) = postSolution
		{B16E2538-25BF-3A45-FA73-51C8B28C7BAB}.Debug|Any CPU.ActiveCfg = Debug|Any CPU
		{B16E2538-25BF-3A45-FA73-51C8B28C7BAB}.Debug|Any CPU.Build.0 = Debug|Any CPU
		{B16E2538-25BF-3A45-FA73-51C8B28C7BAB}.Release|Any CPU.ActiveCfg = Release|Any CPU
		{B16E2538-25BF-3A45-FA73-51C8B28C7BAB}.Release|Any CPU.Build.0 = Release|Any CPU
	EndGlobalSection
	GlobalSection(SolutionProperties) = preSolution
		HideSolutionNode = FALSE
	EndGlobalSection
EndGlobal
